PODS:
  - Alamofire (4.0.1)
  - Gloss (1.0.0)
  - Moya (8.0.0-beta.2):
    - Moya/Core (= 8.0.0-beta.2)
  - Moya/Core (8.0.0-beta.2):
    - Alamofire (~> 4.0.0)
    - Result
  - Moya/RxSwift (8.0.0-beta.2):
    - Moya/Core
    - RxSwift
  - R.swift (3.1.0):
    - R.swift.Library (~> 3.0.2)
  - R.swift.Library (3.0.2)
  - Result (3.0.0)
  - RxCocoa (3.0.0-rc.1):
    - RxSwift (~> 3.0.0-rc.1)
  - RxDataSources (1.0.0-rc.2):
    - RxCocoa (~> 3.0.0-rc.1)
    - RxSwift (~> 3.0.0-rc.1)
  - RxKeyboard (0.2.0):
    - RxCocoa (= 3.0.0-rc.1)
    - RxSwift (= 3.0.0-rc.1)
  - RxSwift (3.0.0-rc.1)

DEPENDENCIES:
  - Gloss (~> 1.0)
  - Moya (= 8.0.0-beta.2)
  - Moya/RxSwift
  - R.swift
  - RxCocoa (= 3.0.0-rc.1)
  - RxDataSources (~> 1.0.0-rc.2)
  - RxKeyboard (~> 0.2)
  - RxSwift (= 3.0.0-rc.1)

SPEC CHECKSUMS:
  Alamofire: 7682d43245de14874acd142ec137b144aa1dd335
  Gloss: 014789e9e69ca18f127eacca999f4c9b0bff6d58
  Moya: 920d40f738e6f4ece84010cec701bb9693be8251
  R.swift: 14400e5784224d1e4e59a8fc5549198c7e8fe360
  R.swift.Library: fbdec16c9802ad104fc1ba53415dc190e6ec5c73
  Result: 1b3e431f37cbcd3ad89c6aa9ab0ae55515fae3b6
  RxCocoa: e72a074a7f38896ec0382d096df5f58df10115c7
  RxDataSources: f7de4f2a0725332319a4322dd795ae45ce28c529
  RxKeyboard: 4002e62ecec3f532267c4749390640e6effbd8c7
  RxSwift: d7a3819dd71789c473e3cbf1a0c02d58b2692739

PODFILE CHECKSUM: 3abc6ab24dceb6b369264b58d4536feb747df5a4

COCOAPODS: 1.1.0.rc.2
