// !$*UTF8*$!
{
	archiveVersion = 1;
	classes = {
	};
	objectVersion = 46;
	objects = {

/* Begin PBXBuildFile section */
		5414F08E1D9712D100D30EDF /* AppDelegate.swift in Sources */ = {isa = PBXBuildFile; fileRef = 5414F08D1D9712D100D30EDF /* AppDelegate.swift */; };
		5414F0931D9712D100D30EDF /* Main.storyboard in Resources */ = {isa = PBXBuildFile; fileRef = 5414F0911D9712D100D30EDF /* Main.storyboard */; };
		5414F0951D9712D100D30EDF /* Assets.xcassets in Resources */ = {isa = PBXBuildFile; fileRef = 5414F0941D9712D100D30EDF /* Assets.xcassets */; };
		5414F0981D9712D100D30EDF /* LaunchScreen.storyboard in Resources */ = {isa = PBXBuildFile; fileRef = 5414F0961D9712D100D30EDF /* LaunchScreen.storyboard */; };
		5414F0A31D9712D100D30EDF /* NerdgasmTests.swift in Sources */ = {isa = PBXBuildFile; fileRef = 5414F0A21D9712D100D30EDF /* NerdgasmTests.swift */; };
		5414F0B01D97149C00D30EDF /* NGLaunchViewController.swift in Sources */ = {isa = PBXBuildFile; fileRef = 5414F0AF1D97149C00D30EDF /* NGLaunchViewController.swift */; };
		5414F0B31D97178200D30EDF /* NGLoginViewController.swift in Sources */ = {isa = PBXBuildFile; fileRef = 5414F0B21D97178200D30EDF /* NGLoginViewController.swift */; };
		5414F0BA1D97190A00D30EDF /* Login.storyboard in Resources */ = {isa = PBXBuildFile; fileRef = 5414F0B81D97190A00D30EDF /* Login.storyboard */; };
		545EC4611D983DFD005B4BFF /* NGKeychain.swift in Sources */ = {isa = PBXBuildFile; fileRef = 545EC4601D983DFD005B4BFF /* NGKeychain.swift */; };
		545EC4651D984668005B4BFF /* NGRealm.swift in Sources */ = {isa = PBXBuildFile; fileRef = 545EC4641D984668005B4BFF /* NGRealm.swift */; };
		54BA940C1D9EA5CB00B65B30 /* NGService.swift in Sources */ = {isa = PBXBuildFile; fileRef = 54BA940B1D9EA5CB00B65B30 /* NGService.swift */; };
		54DF06F71D984842007541EB /* NGUserInfo.swift in Sources */ = {isa = PBXBuildFile; fileRef = 54DF06F61D984842007541EB /* NGUserInfo.swift */; };
		CF15ABB4CFFF1AD3967DF92E /* Pods_Nerdgasm.framework in Frameworks */ = {isa = PBXBuildFile; fileRef = 8D1C8F4D28DEC4B34ABDE24D /* Pods_Nerdgasm.framework */; };
/* End PBXBuildFile section */

/* Begin PBXContainerItemProxy section */
		5414F09F1D9712D100D30EDF /* PBXContainerItemProxy */ = {
			isa = PBXContainerItemProxy;
			containerPortal = 5414F0821D9712D100D30EDF /* Project object */;
			proxyType = 1;
			remoteGlobalIDString = 5414F0891D9712D100D30EDF;
			remoteInfo = Nerdgasm;
		};
/* End PBXContainerItemProxy section */

/* Begin PBXFileReference section */
		5414F08A1D9712D100D30EDF /* Nerdgasm.app */ = {isa = PBXFileReference; explicitFileType = wrapper.application; includeInIndex = 0; path = Nerdgasm.app; sourceTree = BUILT_PRODUCTS_DIR; };
		5414F08D1D9712D100D30EDF /* AppDelegate.swift */ = {isa = PBXFileReference; lastKnownFileType = sourcecode.swift; path = AppDelegate.swift; sourceTree = "<group>"; };
		5414F0921D9712D100D30EDF /* Base */ = {isa = PBXFileReference; lastKnownFileType = file.storyboard; name = Base; path = Base.lproj/Main.storyboard; sourceTree = "<group>"; };
		5414F0941D9712D100D30EDF /* Assets.xcassets */ = {isa = PBXFileReference; lastKnownFileType = folder.assetcatalog; path = Assets.xcassets; sourceTree = "<group>"; };
		5414F0971D9712D100D30EDF /* Base */ = {isa = PBXFileReference; lastKnownFileType = file.storyboard; name = Base; path = Base.lproj/LaunchScreen.storyboard; sourceTree = "<group>"; };
		5414F0991D9712D100D30EDF /* Info.plist */ = {isa = PBXFileReference; lastKnownFileType = text.plist.xml; path = Info.plist; sourceTree = "<group>"; };
		5414F09E1D9712D100D30EDF /* NerdgasmTests.xctest */ = {isa = PBXFileReference; explicitFileType = wrapper.cfbundle; includeInIndex = 0; path = NerdgasmTests.xctest; sourceTree = BUILT_PRODUCTS_DIR; };
		5414F0A21D9712D100D30EDF /* NerdgasmTests.swift */ = {isa = PBXFileReference; lastKnownFileType = sourcecode.swift; path = NerdgasmTests.swift; sourceTree = "<group>"; };
		5414F0A41D9712D100D30EDF /* Info.plist */ = {isa = PBXFileReference; lastKnownFileType = text.plist.xml; path = Info.plist; sourceTree = "<group>"; };
		5414F0AF1D97149C00D30EDF /* NGLaunchViewController.swift */ = {isa = PBXFileReference; fileEncoding = 4; lastKnownFileType = sourcecode.swift; name = NGLaunchViewController.swift; path = VC/Launch/NGLaunchViewController.swift; sourceTree = "<group>"; };
		5414F0B21D97178200D30EDF /* NGLoginViewController.swift */ = {isa = PBXFileReference; fileEncoding = 4; lastKnownFileType = sourcecode.swift; name = NGLoginViewController.swift; path = VC/Login/NGLoginViewController.swift; sourceTree = "<group>"; };
		5414F0B91D97190A00D30EDF /* Base */ = {isa = PBXFileReference; lastKnownFileType = file.storyboard; name = Base; path = Base.lproj/Login.storyboard; sourceTree = "<group>"; };
		545EC4601D983DFD005B4BFF /* NGKeychain.swift */ = {isa = PBXFileReference; fileEncoding = 4; lastKnownFileType = sourcecode.swift; name = NGKeychain.swift; path = Managers/NGKeychain.swift; sourceTree = "<group>"; };
		545EC4641D984668005B4BFF /* NGRealm.swift */ = {isa = PBXFileReference; fileEncoding = 4; lastKnownFileType = sourcecode.swift; name = NGRealm.swift; path = Managers/NGRealm.swift; sourceTree = "<group>"; };
		54BA940B1D9EA5CB00B65B30 /* NGService.swift */ = {isa = PBXFileReference; fileEncoding = 4; lastKnownFileType = sourcecode.swift; name = NGService.swift; path = Managers/Networking/NGService.swift; sourceTree = "<group>"; };
		54DF06F61D984842007541EB /* NGUserInfo.swift */ = {isa = PBXFileReference; fileEncoding = 4; lastKnownFileType = sourcecode.swift; name = NGUserInfo.swift; path = Managers/NGUserInfo.swift; sourceTree = "<group>"; };
		8D1C8F4D28DEC4B34ABDE24D /* Pods_Nerdgasm.framework */ = {isa = PBXFileReference; explicitFileType = wrapper.framework; includeInIndex = 0; path = Pods_Nerdgasm.framework; sourceTree = BUILT_PRODUCTS_DIR; };
		DF5822295E9ED0C681965EDC /* Pods-Nerdgasm.debug.xcconfig */ = {isa = PBXFileReference; includeInIndex = 1; lastKnownFileType = text.xcconfig; name = "Pods-Nerdgasm.debug.xcconfig"; path = "Pods/Target Support Files/Pods-Nerdgasm/Pods-Nerdgasm.debug.xcconfig"; sourceTree = "<group>"; };
		EB145A71D77CED0AAA39E92C /* Pods-Nerdgasm.release.xcconfig */ = {isa = PBXFileReference; includeInIndex = 1; lastKnownFileType = text.xcconfig; name = "Pods-Nerdgasm.release.xcconfig"; path = "Pods/Target Support Files/Pods-Nerdgasm/Pods-Nerdgasm.release.xcconfig"; sourceTree = "<group>"; };
/* End PBXFileReference section */

/* Begin PBXFrameworksBuildPhase section */
		5414F0871D9712D100D30EDF /* Frameworks */ = {
			isa = PBXFrameworksBuildPhase;
			buildActionMask = 2147483647;
			files = (
				CF15ABB4CFFF1AD3967DF92E /* Pods_Nerdgasm.framework in Frameworks */,
			);
			runOnlyForDeploymentPostprocessing = 0;
		};
		5414F09B1D9712D100D30EDF /* Frameworks */ = {
			isa = PBXFrameworksBuildPhase;
			buildActionMask = 2147483647;
			files = (
			);
			runOnlyForDeploymentPostprocessing = 0;
		};
/* End PBXFrameworksBuildPhase section */

/* Begin PBXGroup section */
		5414F0811D9712D100D30EDF = {
			isa = PBXGroup;
			children = (
				5414F08C1D9712D100D30EDF /* Nerdgasm */,
				5414F0A11D9712D100D30EDF /* NerdgasmTests */,
				5414F08B1D9712D100D30EDF /* Products */,
				E28E0DD5C27D9C57354249E9 /* Pods */,
				79E687DC7442D71F9696835C /* Frameworks */,
			);
			sourceTree = "<group>";
		};
		5414F08B1D9712D100D30EDF /* Products */ = {
			isa = PBXGroup;
			children = (
				5414F08A1D9712D100D30EDF /* Nerdgasm.app */,
				5414F09E1D9712D100D30EDF /* NerdgasmTests.xctest */,
			);
			name = Products;
			sourceTree = "<group>";
		};
		5414F08C1D9712D100D30EDF /* Nerdgasm */ = {
			isa = PBXGroup;
			children = (
				5414F0B61D9718A500D30EDF /* Storyboards */,
				5414F0AD1D97146300D30EDF /* VC */,
				5414F08D1D9712D100D30EDF /* AppDelegate.swift */,
				5414F0941D9712D100D30EDF /* Assets.xcassets */,
				5414F0991D9712D100D30EDF /* Info.plist */,
			);
			path = Nerdgasm;
			sourceTree = "<group>";
		};
		5414F0A11D9712D100D30EDF /* NerdgasmTests */ = {
			isa = PBXGroup;
			children = (
				5414F0A21D9712D100D30EDF /* NerdgasmTests.swift */,
				5414F0A41D9712D100D30EDF /* Info.plist */,
			);
			path = NerdgasmTests;
			sourceTree = "<group>";
		};
		5414F0AD1D97146300D30EDF /* VC */ = {
			isa = PBXGroup;
			children = (
				545EC45F1D983DDE005B4BFF /* Managers */,
				5414F0B11D97176C00D30EDF /* Login */,
				5414F0AE1D97146C00D30EDF /* Launch */,
			);
			name = VC;
			sourceTree = "<group>";
		};
		5414F0AE1D97146C00D30EDF /* Launch */ = {
			isa = PBXGroup;
			children = (
				5414F0AF1D97149C00D30EDF /* NGLaunchViewController.swift */,
			);
			name = Launch;
			sourceTree = "<group>";
		};
		5414F0B11D97176C00D30EDF /* Login */ = {
			isa = PBXGroup;
			children = (
				5414F0B21D97178200D30EDF /* NGLoginViewController.swift */,
			);
			name = Login;
			sourceTree = "<group>";
		};
		5414F0B61D9718A500D30EDF /* Storyboards */ = {
			isa = PBXGroup;
			children = (
				5414F0B81D97190A00D30EDF /* Login.storyboard */,
				5414F0911D9712D100D30EDF /* Main.storyboard */,
				5414F0961D9712D100D30EDF /* LaunchScreen.storyboard */,
			);
			name = Storyboards;
			sourceTree = "<group>";
		};
		545EC45F1D983DDE005B4BFF /* Managers */ = {
			isa = PBXGroup;
			children = (
				54DF06FC1D984B89007541EB /* Networking */,
				545EC4641D984668005B4BFF /* NGRealm.swift */,
				545EC4601D983DFD005B4BFF /* NGKeychain.swift */,
				54DF06F61D984842007541EB /* NGUserInfo.swift */,
			);
			name = Managers;
			sourceTree = "<group>";
		};
		54DF06FC1D984B89007541EB /* Networking */ = {
			isa = PBXGroup;
			children = (
				54BA940B1D9EA5CB00B65B30 /* NGService.swift */,
			);
			name = Networking;
			sourceTree = "<group>";
		};
		79E687DC7442D71F9696835C /* Frameworks */ = {
			isa = PBXGroup;
			children = (
				8D1C8F4D28DEC4B34ABDE24D /* Pods_Nerdgasm.framework */,
			);
			name = Frameworks;
			sourceTree = "<group>";
		};
		E28E0DD5C27D9C57354249E9 /* Pods */ = {
			isa = PBXGroup;
			children = (
				DF5822295E9ED0C681965EDC /* Pods-Nerdgasm.debug.xcconfig */,
				EB145A71D77CED0AAA39E92C /* Pods-Nerdgasm.release.xcconfig */,
			);
			name = Pods;
			sourceTree = "<group>";
		};
/* End PBXGroup section */

/* Begin PBXNativeTarget section */
		5414F0891D9712D100D30EDF /* Nerdgasm */ = {
			isa = PBXNativeTarget;
			buildConfigurationList = 5414F0A71D9712D100D30EDF /* Build configuration list for PBXNativeTarget "Nerdgasm" */;
			buildPhases = (
				D229AA25E8938BFB71B690BA /* [CP] Check Pods Manifest.lock */,
				5414F0861D9712D100D30EDF /* Sources */,
				5414F0871D9712D100D30EDF /* Frameworks */,
				5414F0881D9712D100D30EDF /* Resources */,
				D3375F4E29ABF0C337D2CCFC /* [CP] Embed Pods Frameworks */,
				D08ED3955DBB8937E53F73D1 /* [CP] Copy Pods Resources */,
			);
			buildRules = (
			);
			dependencies = (
			);
			name = Nerdgasm;
			productName = Nerdgasm;
			productReference = 5414F08A1D9712D100D30EDF /* Nerdgasm.app */;
			productType = "com.apple.product-type.application";
		};
		5414F09D1D9712D100D30EDF /* NerdgasmTests */ = {
			isa = PBXNativeTarget;
			buildConfigurationList = 5414F0AA1D9712D100D30EDF /* Build configuration list for PBXNativeTarget "NerdgasmTests" */;
			buildPhases = (
				5414F09A1D9712D100D30EDF /* Sources */,
				5414F09B1D9712D100D30EDF /* Frameworks */,
				5414F09C1D9712D100D30EDF /* Resources */,
			);
			buildRules = (
			);
			dependencies = (
				5414F0A01D9712D100D30EDF /* PBXTargetDependency */,
			);
			name = NerdgasmTests;
			productName = NerdgasmTests;
			productReference = 5414F09E1D9712D100D30EDF /* NerdgasmTests.xctest */;
			productType = "com.apple.product-type.bundle.unit-test";
		};
/* End PBXNativeTarget section */

/* Begin PBXProject section */
		5414F0821D9712D100D30EDF /* Project object */ = {
			isa = PBXProject;
			attributes = {
				LastSwiftUpdateCheck = 0730;
				LastUpgradeCheck = 0800;
				ORGANIZATIONNAME = Hrach;
				TargetAttributes = {
					5414F0891D9712D100D30EDF = {
						CreatedOnToolsVersion = 7.3.1;
						DevelopmentTeam = 9BN49NND5Z;
						LastSwiftMigration = 0800;
					};
					5414F09D1D9712D100D30EDF = {
						CreatedOnToolsVersion = 7.3.1;
						LastSwiftMigration = 0800;
						TestTargetID = 5414F0891D9712D100D30EDF;
					};
				};
			};
			buildConfigurationList = 5414F0851D9712D100D30EDF /* Build configuration list for PBXProject "Nerdgasm" */;
			compatibilityVersion = "Xcode 3.2";
			developmentRegion = English;
			hasScannedForEncodings = 0;
			knownRegions = (
				en,
				Base,
			);
			mainGroup = 5414F0811D9712D100D30EDF;
			productRefGroup = 5414F08B1D9712D100D30EDF /* Products */;
			projectDirPath = "";
			projectRoot = "";
			targets = (
				5414F0891D9712D100D30EDF /* Nerdgasm */,
				5414F09D1D9712D100D30EDF /* NerdgasmTests */,
			);
		};
/* End PBXProject section */

/* Begin PBXResourcesBuildPhase section */
		5414F0881D9712D100D30EDF /* Resources */ = {
			isa = PBXResourcesBuildPhase;
			buildActionMask = 2147483647;
			files = (
				5414F0BA1D97190A00D30EDF /* Login.storyboard in Resources */,
				5414F0981D9712D100D30EDF /* LaunchScreen.storyboard in Resources */,
				5414F0951D9712D100D30EDF /* Assets.xcassets in Resources */,
				5414F0931D9712D100D30EDF /* Main.storyboard in Resources */,
			);
			runOnlyForDeploymentPostprocessing = 0;
		};
		5414F09C1D9712D100D30EDF /* Resources */ = {
			isa = PBXResourcesBuildPhase;
			buildActionMask = 2147483647;
			files = (
			);
			runOnlyForDeploymentPostprocessing = 0;
		};
/* End PBXResourcesBuildPhase section */

/* Begin PBXShellScriptBuildPhase section */
		D08ED3955DBB8937E53F73D1 /* [CP] Copy Pods Resources */ = {
			isa = PBXShellScriptBuildPhase;
			buildActionMask = 2147483647;
			files = (
			);
			inputPaths = (
			);
			name = "[CP] Copy Pods Resources";
			outputPaths = (
			);
			runOnlyForDeploymentPostprocessing = 0;
			shellPath = /bin/sh;
			shellScript = "\"${SRCROOT}/Pods/Target Support Files/Pods-Nerdgasm/Pods-Nerdgasm-resources.sh\"\n";
			showEnvVarsInLog = 0;
		};
		D229AA25E8938BFB71B690BA /* [CP] Check Pods Manifest.lock */ = {
			isa = PBXShellScriptBuildPhase;
			buildActionMask = 2147483647;
			files = (
			);
			inputPaths = (
			);
			name = "[CP] Check Pods Manifest.lock";
			outputPaths = (
			);
			runOnlyForDeploymentPostprocessing = 0;
			shellPath = /bin/sh;
			shellScript = "diff \"${PODS_ROOT}/../Podfile.lock\" \"${PODS_ROOT}/Manifest.lock\" > /dev/null\nif [[ $? != 0 ]] ; then\n    cat << EOM\nerror: The sandbox is not in sync with the Podfile.lock. Run 'pod install' or update your CocoaPods installation.\nEOM\n    exit 1\nfi\n";
			showEnvVarsInLog = 0;
		};
		D3375F4E29ABF0C337D2CCFC /* [CP] Embed Pods Frameworks */ = {
			isa = PBXShellScriptBuildPhase;
			buildActionMask = 2147483647;
			files = (
			);
			inputPaths = (
			);
			name = "[CP] Embed Pods Frameworks";
			outputPaths = (
			);
			runOnlyForDeploymentPostprocessing = 0;
			shellPath = /bin/sh;
			shellScript = "\"${SRCROOT}/Pods/Target Support Files/Pods-Nerdgasm/Pods-Nerdgasm-frameworks.sh\"\n";
			showEnvVarsInLog = 0;
		};
/* End PBXShellScriptBuildPhase section */

/* Begin PBXSourcesBuildPhase section */
		5414F0861D9712D100D30EDF /* Sources */ = {
			isa = PBXSourcesBuildPhase;
			buildActionMask = 2147483647;
			files = (
				5414F0B01D97149C00D30EDF /* NGLaunchViewController.swift in Sources */,
				5414F08E1D9712D100D30EDF /* AppDelegate.swift in Sources */,
				5414F0B31D97178200D30EDF /* NGLoginViewController.swift in Sources */,
				54DF06F71D984842007541EB /* NGUserInfo.swift in Sources */,
				545EC4611D983DFD005B4BFF /* NGKeychain.swift in Sources */,
				54BA940C1D9EA5CB00B65B30 /* NGService.swift in Sources */,
				545EC4651D984668005B4BFF /* NGRealm.swift in Sources */,
			);
			runOnlyForDeploymentPostprocessing = 0;
		};
		5414F09A1D9712D100D30EDF /* Sources */ = {
			isa = PBXSourcesBuildPhase;
			buildActionMask = 2147483647;
			files = (
				5414F0A31D9712D100D30EDF /* NerdgasmTests.swift in Sources */,
			);
			runOnlyForDeploymentPostprocessing = 0;
		};
/* End PBXSourcesBuildPhase section */

/* Begin PBXTargetDependency section */
		5414F0A01D9712D100D30EDF /* PBXTargetDependency */ = {
			isa = PBXTargetDependency;
			target = 5414F0891D9712D100D30EDF /* Nerdgasm */;
			targetProxy = 5414F09F1D9712D100D30EDF /* PBXContainerItemProxy */;
		};
/* End PBXTargetDependency section */

/* Begin PBXVariantGroup section */
		5414F0911D9712D100D30EDF /* Main.storyboard */ = {
			isa = PBXVariantGroup;
			children = (
				5414F0921D9712D100D30EDF /* Base */,
			);
			name = Main.storyboard;
			sourceTree = "<group>";
		};
		5414F0961D9712D100D30EDF /* LaunchScreen.storyboard */ = {
			isa = PBXVariantGroup;
			children = (
				5414F0971D9712D100D30EDF /* Base */,
			);
			name = LaunchScreen.storyboard;
			sourceTree = "<group>";
		};
		5414F0B81D97190A00D30EDF /* Login.storyboard */ = {
			isa = PBXVariantGroup;
			children = (
				5414F0B91D97190A00D30EDF /* Base */,
			);
			name = Login.storyboard;
			sourceTree = "<group>";
		};
/* End PBXVariantGroup section */

/* Begin XCBuildConfiguration section */
		5414F0A51D9712D100D30EDF /* Debug */ = {
			isa = XCBuildConfiguration;
			buildSettings = {
				ALWAYS_SEARCH_USER_PATHS = NO;
				CLANG_ANALYZER_NONNULL = YES;
				CLANG_CXX_LANGUAGE_STANDARD = "gnu++0x";
				CLANG_CXX_LIBRARY = "libc++";
				CLANG_ENABLE_MODULES = YES;
				CLANG_ENABLE_OBJC_ARC = YES;
				CLANG_WARN_BOOL_CONVERSION = YES;
				CLANG_WARN_CONSTANT_CONVERSION = YES;
				CLANG_WARN_DIRECT_OBJC_ISA_USAGE = YES_ERROR;
				CLANG_WARN_EMPTY_BODY = YES;
				CLANG_WARN_ENUM_CONVERSION = YES;
				CLANG_WARN_INFINITE_RECURSION = YES;
				CLANG_WARN_INT_CONVERSION = YES;
				CLANG_WARN_OBJC_ROOT_CLASS = YES_ERROR;
				CLANG_WARN_SUSPICIOUS_MOVE = YES;
				CLANG_WARN_UNREACHABLE_CODE = YES;
				CLANG_WARN__DUPLICATE_METHOD_MATCH = YES;
				"CODE_SIGN_IDENTITY[sdk=iphoneos*]" = "iPhone Developer";
				COPY_PHASE_STRIP = NO;
				DEBUG_INFORMATION_FORMAT = dwarf;
				ENABLE_STRICT_OBJC_MSGSEND = YES;
				ENABLE_TESTABILITY = YES;
				GCC_C_LANGUAGE_STANDARD = gnu99;
				GCC_DYNAMIC_NO_PIC = NO;
				GCC_NO_COMMON_BLOCKS = YES;
				GCC_OPTIMIZATION_LEVEL = 0;
				GCC_PREPROCESSOR_DEFINITIONS = (
					"DEBUG=1",
					"$(inherited)",
				);
				GCC_WARN_64_TO_32_BIT_CONVERSION = YES;
				GCC_WARN_ABOUT_RETURN_TYPE = YES_ERROR;
				GCC_WARN_UNDECLARED_SELECTOR = YES;
				GCC_WARN_UNINITIALIZED_AUTOS = YES_AGGRESSIVE;
				GCC_WARN_UNUSED_FUNCTION = YES;
				GCC_WARN_UNUSED_VARIABLE = YES;
				IPHONEOS_DEPLOYMENT_TARGET = 10.0;
				MTL_ENABLE_DEBUG_INFO = YES;
				ONLY_ACTIVE_ARCH = YES;
				SDKROOT = iphoneos;
				SWIFT_OPTIMIZATION_LEVEL = "-Onone";
			};
			name = Debug;
		};
		5414F0A61D9712D100D30EDF /* Release */ = {
			isa = XCBuildConfiguration;
			buildSettings = {
				ALWAYS_SEARCH_USER_PATHS = NO;
				CLANG_ANALYZER_NONNULL = YES;
				CLANG_CXX_LANGUAGE_STANDARD = "gnu++0x";
				CLANG_CXX_LIBRARY = "libc++";
				CLANG_ENABLE_MODULES = YES;
				CLANG_ENABLE_OBJC_ARC = YES;
				CLANG_WARN_BOOL_CONVERSION = YES;
				CLANG_WARN_CONSTANT_CONVERSION = YES;
				CLANG_WARN_DIRECT_OBJC_ISA_USAGE = YES_ERROR;
				CLANG_WARN_EMPTY_BODY = YES;
				CLANG_WARN_ENUM_CONVERSION = YES;
				CLANG_WARN_INFINITE_RECURSION = YES;
				CLANG_WARN_INT_CONVERSION = YES;
				CLANG_WARN_OBJC_ROOT_CLASS = YES_ERROR;
				CLANG_WARN_SUSPICIOUS_MOVE = YES;
				CLANG_WARN_UNREACHABLE_CODE = YES;
				CLANG_WARN__DUPLICATE_METHOD_MATCH = YES;
				"CODE_SIGN_IDENTITY[sdk=iphoneos*]" = "iPhone Developer";
				COPY_PHASE_STRIP = NO;
				DEBUG_INFORMATION_FORMAT = "dwarf-with-dsym";
				ENABLE_NS_ASSERTIONS = NO;
				ENABLE_STRICT_OBJC_MSGSEND = YES;
				GCC_C_LANGUAGE_STANDARD = gnu99;
				GCC_NO_COMMON_BLOCKS = YES;
				GCC_WARN_64_TO_32_BIT_CONVERSION = YES;
				GCC_WARN_ABOUT_RETURN_TYPE = YES_ERROR;
				GCC_WARN_UNDECLARED_SELECTOR = YES;
				GCC_WARN_UNINITIALIZED_AUTOS = YES_AGGRESSIVE;
				GCC_WARN_UNUSED_FUNCTION = YES;
				GCC_WARN_UNUSED_VARIABLE = YES;
				IPHONEOS_DEPLOYMENT_TARGET = 10.0;
				MTL_ENABLE_DEBUG_INFO = NO;
				SDKROOT = iphoneos;
				SWIFT_OPTIMIZATION_LEVEL = "-Owholemodule";
				VALIDATE_PRODUCT = YES;
			};
			name = Release;
		};
		5414F0A81D9712D100D30EDF /* Debug */ = {
			isa = XCBuildConfiguration;
			baseConfigurationReference = DF5822295E9ED0C681965EDC /* Pods-Nerdgasm.debug.xcconfig */;
			buildSettings = {
				ALWAYS_EMBED_SWIFT_STANDARD_LIBRARIES = YES;
				ASSETCATALOG_COMPILER_APPICON_NAME = AppIcon;
				CODE_SIGN_IDENTITY = "iPhone Developer";
				INFOPLIST_FILE = Nerdgasm/Info.plist;
				IPHONEOS_DEPLOYMENT_TARGET = 10.0;
				LD_RUNPATH_SEARCH_PATHS = "$(inherited) @executable_path/Frameworks";
				PRODUCT_BUNDLE_IDENTIFIER = com.nerdgasm.Nerdgasm;
				PRODUCT_NAME = "$(TARGET_NAME)";
				SWIFT_VERSION = 3.0;
			};
			name = Debug;
		};
		5414F0A91D9712D100D30EDF /* Release */ = {
			isa = XCBuildConfiguration;
			baseConfigurationReference = EB145A71D77CED0AAA39E92C /* Pods-Nerdgasm.release.xcconfig */;
			buildSettings = {
				ALWAYS_EMBED_SWIFT_STANDARD_LIBRARIES = YES;
				ASSETCATALOG_COMPILER_APPICON_NAME = AppIcon;
				CODE_SIGN_IDENTITY = "iPhone Developer";
				INFOPLIST_FILE = Nerdgasm/Info.plist;
				IPHONEOS_DEPLOYMENT_TARGET = 10.0;
				LD_RUNPATH_SEARCH_PATHS = "$(inherited) @executable_path/Frameworks";
				PRODUCT_BUNDLE_IDENTIFIER = com.nerdgasm.Nerdgasm;
				PRODUCT_NAME = "$(TARGET_NAME)";
				SWIFT_VERSION = 3.0;
			};
			name = Release;
		};
		5414F0AB1D9712D100D30EDF /* Debug */ = {
			isa = XCBuildConfiguration;
			buildSettings = {
				BUNDLE_LOADER = "$(TEST_HOST)";
				INFOPLIST_FILE = NerdgasmTests/Info.plist;
				LD_RUNPATH_SEARCH_PATHS = "$(inherited) @executable_path/Frameworks @loader_path/Frameworks";
				PRODUCT_BUNDLE_IDENTIFIER = nerdgasm.NerdgasmTests;
				PRODUCT_NAME = "$(TARGET_NAME)";
				SWIFT_VERSION = 3.0;
				TEST_HOST = "$(BUILT_PRODUCTS_DIR)/Nerdgasm.app/Nerdgasm";
			};
			name = Debug;
		};
		5414F0AC1D9712D100D30EDF /* Release */ = {
			isa = XCBuildConfiguration;
			buildSettings = {
				BUNDLE_LOADER = "$(TEST_HOST)";
				INFOPLIST_FILE = NerdgasmTests/Info.plist;
				LD_RUNPATH_SEARCH_PATHS = "$(inherited) @executable_path/Frameworks @loader_path/Frameworks";
				PRODUCT_BUNDLE_IDENTIFIER = nerdgasm.NerdgasmTests;
				PRODUCT_NAME = "$(TARGET_NAME)";
				SWIFT_VERSION = 3.0;
				TEST_HOST = "$(BUILT_PRODUCTS_DIR)/Nerdgasm.app/Nerdgasm";
			};
			name = Release;
		};
/* End XCBuildConfiguration section */

/* Begin XCConfigurationList section */
		5414F0851D9712D100D30EDF /* Build configuration list for PBXProject "Nerdgasm" */ = {
			isa = XCConfigurationList;
			buildConfigurations = (
				5414F0A51D9712D100D30EDF /* Debug */,
				5414F0A61D9712D100D30EDF /* Release */,
			);
			defaultConfigurationIsVisible = 0;
			defaultConfigurationName = Release;
		};
		5414F0A71D9712D100D30EDF /* Build configuration list for PBXNativeTarget "Nerdgasm" */ = {
			isa = XCConfigurationList;
			buildConfigurations = (
				5414F0A81D9712D100D30EDF /* Debug */,
				5414F0A91D9712D100D30EDF /* Release */,
			);
			defaultConfigurationIsVisible = 0;
			defaultConfigurationName = Release;
		};
		5414F0AA1D9712D100D30EDF /* Build configuration list for PBXNativeTarget "NerdgasmTests" */ = {
			isa = XCConfigurationList;
			buildConfigurations = (
				5414F0AB1D9712D100D30EDF /* Debug */,
				5414F0AC1D9712D100D30EDF /* Release */,
			);
			defaultConfigurationIsVisible = 0;
			defaultConfigurationName = Release;
		};
/* End XCConfigurationList section */
	};
	rootObject = 5414F0821D9712D100D30EDF /* Project object */;
}
