// !$*UTF8*$!
{
	archiveVersion = 1;
	classes = {
	};
	objectVersion = 46;
	objects = {

/* Begin PBXBuildFile section */
		5405B3851DD0BA2E00C770FB /* NGCreatePostViewModel.swift in Sources */ = {isa = PBXBuildFile; fileRef = 5405B3841DD0BA2E00C770FB /* NGCreatePostViewModel.swift */; };
		540A69BA1DCE6F39009B9673 /* NGThreadTableViewCell.swift in Sources */ = {isa = PBXBuildFile; fileRef = 540A69B81DCE6F39009B9673 /* NGThreadTableViewCell.swift */; };
		540A69BB1DCE6F39009B9673 /* NGThreadTableViewCell.xib in Resources */ = {isa = PBXBuildFile; fileRef = 540A69B91DCE6F39009B9673 /* NGThreadTableViewCell.xib */; };
		540A69BD1DCE6F80009B9673 /* NGThread.swift in Sources */ = {isa = PBXBuildFile; fileRef = 540A69BC1DCE6F80009B9673 /* NGThread.swift */; };
		540A69BF1DCE7067009B9673 /* GlobalFunctions.swift in Sources */ = {isa = PBXBuildFile; fileRef = 540A69BE1DCE7067009B9673 /* GlobalFunctions.swift */; };
		540A69C11DCE7344009B9673 /* NGThreadsViewModel.swift in Sources */ = {isa = PBXBuildFile; fileRef = 540A69C01DCE7344009B9673 /* NGThreadsViewModel.swift */; };
		540B40051DCFC188002F9FBD /* NGPostsHeaderView.xib in Resources */ = {isa = PBXBuildFile; fileRef = 540B40041DCFC188002F9FBD /* NGPostsHeaderView.xib */; };
		540B40071DCFC321002F9FBD /* NGPostsHeaderView.swift in Sources */ = {isa = PBXBuildFile; fileRef = 540B40061DCFC321002F9FBD /* NGPostsHeaderView.swift */; };
		540B40091DCFC3EB002F9FBD /* ViewFromNib.swift in Sources */ = {isa = PBXBuildFile; fileRef = 540B40081DCFC3EB002F9FBD /* ViewFromNib.swift */; };
		540B400B1DCFC4ED002F9FBD /* NGPostsViewController.swift in Sources */ = {isa = PBXBuildFile; fileRef = 540B400A1DCFC4ED002F9FBD /* NGPostsViewController.swift */; };
		540B400D1DCFC9A3002F9FBD /* NGPostsViewModel.swift in Sources */ = {isa = PBXBuildFile; fileRef = 540B400C1DCFC9A3002F9FBD /* NGPostsViewModel.swift */; };
		540D3AB51DC08AF900E4433E /* NGMyProfileViewModel.swift in Sources */ = {isa = PBXBuildFile; fileRef = 540D3AB41DC08AF900E4433E /* NGMyProfileViewModel.swift */; };
		540D3AB71DC08BCD00E4433E /* NGMyProfileViewController.swift in Sources */ = {isa = PBXBuildFile; fileRef = 540D3AB61DC08BCD00E4433E /* NGMyProfileViewController.swift */; };
		540EC0411DBAB21900F7E9D8 /* UserTableViewCell.swift in Sources */ = {isa = PBXBuildFile; fileRef = 540EC03F1DBAB21900F7E9D8 /* UserTableViewCell.swift */; };
		540EC0421DBAB21900F7E9D8 /* UserTableViewCell.xib in Resources */ = {isa = PBXBuildFile; fileRef = 540EC0401DBAB21900F7E9D8 /* UserTableViewCell.xib */; };
		541139F81DC12AAD00082498 /* RxSwiftCustom.swift in Sources */ = {isa = PBXBuildFile; fileRef = 541139F71DC12AAC00082498 /* RxSwiftCustom.swift */; };
		54124FDE1DD3B35100A62722 /* NGViewController.swift in Sources */ = {isa = PBXBuildFile; fileRef = 54124FDD1DD3B35100A62722 /* NGViewController.swift */; };
		54124FE01DD3B6B200A62722 /* NGAuthenticatedViewController.swift in Sources */ = {isa = PBXBuildFile; fileRef = 54124FDF1DD3B6B200A62722 /* NGAuthenticatedViewController.swift */; };
		5412AE961DD3994F00177AA0 /* NGViewModelType.swift in Sources */ = {isa = PBXBuildFile; fileRef = 5412AE951DD3994F00177AA0 /* NGViewModelType.swift */; };
		5413741A1DCD175D0016E5EA /* NGForumViewController.swift in Sources */ = {isa = PBXBuildFile; fileRef = 541374191DCD175D0016E5EA /* NGForumViewController.swift */; };
		5413741C1DCD1B1D0016E5EA /* NGTabBarController.swift in Sources */ = {isa = PBXBuildFile; fileRef = 5413741B1DCD1B1D0016E5EA /* NGTabBarController.swift */; };
		541433841DB9F5D400E66799 /* NGMeSignoutViewModel.swift in Sources */ = {isa = PBXBuildFile; fileRef = 541433831DB9F5D400E66799 /* NGMeSignoutViewModel.swift */; };
		5414F08E1D9712D100D30EDF /* AppDelegate.swift in Sources */ = {isa = PBXBuildFile; fileRef = 5414F08D1D9712D100D30EDF /* AppDelegate.swift */; };
		5414F0931D9712D100D30EDF /* Main.storyboard in Resources */ = {isa = PBXBuildFile; fileRef = 5414F0911D9712D100D30EDF /* Main.storyboard */; };
		5414F0951D9712D100D30EDF /* Assets.xcassets in Resources */ = {isa = PBXBuildFile; fileRef = 5414F0941D9712D100D30EDF /* Assets.xcassets */; };
		5414F0A31D9712D100D30EDF /* NerdgasmTests.swift in Sources */ = {isa = PBXBuildFile; fileRef = 5414F0A21D9712D100D30EDF /* NerdgasmTests.swift */; };
		5414F0B31D97178200D30EDF /* NGLoginViewController.swift in Sources */ = {isa = PBXBuildFile; fileRef = 5414F0B21D97178200D30EDF /* NGLoginViewController.swift */; };
		5414F0BA1D97190A00D30EDF /* Login.storyboard in Resources */ = {isa = PBXBuildFile; fileRef = 5414F0B81D97190A00D30EDF /* Login.storyboard */; };
		5414F7461DB5EC31004E96F8 /* NGUsersViewController.swift in Sources */ = {isa = PBXBuildFile; fileRef = 5414F7451DB5EC31004E96F8 /* NGUsersViewController.swift */; };
		5445959D1DB4AC6A002BD140 /* NGLoginViewModel.swift in Sources */ = {isa = PBXBuildFile; fileRef = 5445959C1DB4AC6A002BD140 /* NGLoginViewModel.swift */; };
		5445959F1DB4AD6B002BD140 /* NGLoginValidationService.swift in Sources */ = {isa = PBXBuildFile; fileRef = 5445959E1DB4AD6B002BD140 /* NGLoginValidationService.swift */; };
		5461880E1DCF3C0900F03B8D /* NGCreateThreadViewController.swift in Sources */ = {isa = PBXBuildFile; fileRef = 5461880D1DCF3C0900F03B8D /* NGCreateThreadViewController.swift */; };
		546188111DCF42A400F03B8D /* Forum.storyboard in Resources */ = {isa = PBXBuildFile; fileRef = 5461880F1DCF42A400F03B8D /* Forum.storyboard */; };
		546188141DCF434A00F03B8D /* Me.storyboard in Resources */ = {isa = PBXBuildFile; fileRef = 546188121DCF434A00F03B8D /* Me.storyboard */; };
		546188161DCF4FB600F03B8D /* NGCreateThreadViewModel.swift in Sources */ = {isa = PBXBuildFile; fileRef = 546188151DCF4FB600F03B8D /* NGCreateThreadViewModel.swift */; };
		546188181DCF501300F03B8D /* NGPost.swift in Sources */ = {isa = PBXBuildFile; fileRef = 546188171DCF501300F03B8D /* NGPost.swift */; };
		5461881A1DCF52F400F03B8D /* NGCreateThreadValidationService.swift in Sources */ = {isa = PBXBuildFile; fileRef = 546188191DCF52F400F03B8D /* NGCreateThreadValidationService.swift */; };
		5461881C1DCF5D6600F03B8D /* NGValidation.swift in Sources */ = {isa = PBXBuildFile; fileRef = 5461881B1DCF5D6600F03B8D /* NGValidation.swift */; };
		54684AD31D9FBCBD00EBE138 /* NGSignupViewController.swift in Sources */ = {isa = PBXBuildFile; fileRef = 54684AD21D9FBCBD00EBE138 /* NGSignupViewController.swift */; };
		54684AD71D9FD53200EBE138 /* NGSignupValidationService.swift in Sources */ = {isa = PBXBuildFile; fileRef = 54684AD61D9FD53200EBE138 /* NGSignupValidationService.swift */; };
		54684AD91D9FE58200EBE138 /* NGSignupViewModel.swift in Sources */ = {isa = PBXBuildFile; fileRef = 54684AD81D9FE58200EBE138 /* NGSignupViewModel.swift */; };
		547533961DD0A32300235361 /* NGPostTableViewCell.swift in Sources */ = {isa = PBXBuildFile; fileRef = 547533941DD0A32300235361 /* NGPostTableViewCell.swift */; };
		547533971DD0A32300235361 /* NGPostTableViewCell.xib in Resources */ = {isa = PBXBuildFile; fileRef = 547533951DD0A32300235361 /* NGPostTableViewCell.xib */; };
		547533991DD0AB0B00235361 /* NGCreatePostViewController.swift in Sources */ = {isa = PBXBuildFile; fileRef = 547533981DD0AB0B00235361 /* NGCreatePostViewController.swift */; };
		547B51221DB9610600F1BB1D /* NGUserViewModel.swift in Sources */ = {isa = PBXBuildFile; fileRef = 547B51211DB9610600F1BB1D /* NGUserViewModel.swift */; };
		547B51241DB962D500F1BB1D /* NGUserCredentials.swift in Sources */ = {isa = PBXBuildFile; fileRef = 547B51231DB962D500F1BB1D /* NGUserCredentials.swift */; };
		54AA50DC1DA4DCBD00539076 /* ActivityIndicator.swift in Sources */ = {isa = PBXBuildFile; fileRef = 54AA50DB1DA4DCBD00539076 /* ActivityIndicator.swift */; };
		54B7FB8B1DC3EC31002B854A /* NGService.swift in Sources */ = {isa = PBXBuildFile; fileRef = 54B7FB891DC3EC31002B854A /* NGService.swift */; };
		54B7FB8D1DC3ECBD002B854A /* NGNetworking .swift in Sources */ = {isa = PBXBuildFile; fileRef = 54B7FB8C1DC3ECBD002B854A /* NGNetworking .swift */; };
		54C7FB081DBD244E00BD7430 /* R.generated.swift in Sources */ = {isa = PBXBuildFile; fileRef = 54C7FB071DBD244E00BD7430 /* R.generated.swift */; };
		54CC1B3E1DB4081D008568F5 /* NGUser.swift in Sources */ = {isa = PBXBuildFile; fileRef = 54CC1B3D1DB4081D008568F5 /* NGUser.swift */; };
		54F0E0421DBDE63300F0B2F7 /* NGMeViewController.swift in Sources */ = {isa = PBXBuildFile; fileRef = 54F0E0411DBDE63300F0B2F7 /* NGMeViewController.swift */; };
		54F0E0451DBDE78B00F0B2F7 /* NGMeTableViewCell.swift in Sources */ = {isa = PBXBuildFile; fileRef = 54F0E0431DBDE78B00F0B2F7 /* NGMeTableViewCell.swift */; };
		54F0E0461DBDE78B00F0B2F7 /* NGMeTableViewCell.xib in Resources */ = {isa = PBXBuildFile; fileRef = 54F0E0441DBDE78B00F0B2F7 /* NGMeTableViewCell.xib */; };
		CF15ABB4CFFF1AD3967DF92E /* Pods_Nerdgasm.framework in Frameworks */ = {isa = PBXBuildFile; fileRef = 8D1C8F4D28DEC4B34ABDE24D /* Pods_Nerdgasm.framework */; };
/* End PBXBuildFile section */

/* Begin PBXContainerItemProxy section */
		5414F09F1D9712D100D30EDF /* PBXContainerItemProxy */ = {
			isa = PBXContainerItemProxy;
			containerPortal = 5414F0821D9712D100D30EDF /* Project object */;
			proxyType = 1;
			remoteGlobalIDString = 5414F0891D9712D100D30EDF;
			remoteInfo = Nerdgasm;
		};
/* End PBXContainerItemProxy section */

/* Begin PBXFileReference section */
		5405B3841DD0BA2E00C770FB /* NGCreatePostViewModel.swift */ = {isa = PBXFileReference; fileEncoding = 4; lastKnownFileType = sourcecode.swift; name = NGCreatePostViewModel.swift; path = VC/Forum/Posts/NGCreatePostViewModel.swift; sourceTree = "<group>"; };
		540A69B81DCE6F39009B9673 /* NGThreadTableViewCell.swift */ = {isa = PBXFileReference; fileEncoding = 4; lastKnownFileType = sourcecode.swift; name = NGThreadTableViewCell.swift; path = VC/Forum/NGThreadTableViewCell.swift; sourceTree = "<group>"; };
		540A69B91DCE6F39009B9673 /* NGThreadTableViewCell.xib */ = {isa = PBXFileReference; fileEncoding = 4; lastKnownFileType = file.xib; name = NGThreadTableViewCell.xib; path = VC/Forum/NGThreadTableViewCell.xib; sourceTree = "<group>"; };
		540A69BC1DCE6F80009B9673 /* NGThread.swift */ = {isa = PBXFileReference; fileEncoding = 4; lastKnownFileType = sourcecode.swift; name = NGThread.swift; path = Models/NGThread.swift; sourceTree = "<group>"; };
		540A69BE1DCE7067009B9673 /* GlobalFunctions.swift */ = {isa = PBXFileReference; fileEncoding = 4; lastKnownFileType = sourcecode.swift; name = GlobalFunctions.swift; path = Managers/GlobalFunctions.swift; sourceTree = "<group>"; };
		540A69C01DCE7344009B9673 /* NGThreadsViewModel.swift */ = {isa = PBXFileReference; fileEncoding = 4; lastKnownFileType = sourcecode.swift; name = NGThreadsViewModel.swift; path = VC/Forum/NGThreadsViewModel.swift; sourceTree = "<group>"; };
		540B40041DCFC188002F9FBD /* NGPostsHeaderView.xib */ = {isa = PBXFileReference; fileEncoding = 4; lastKnownFileType = file.xib; name = NGPostsHeaderView.xib; path = VC/Forum/Posts/NGPostsHeaderView.xib; sourceTree = "<group>"; };
		540B40061DCFC321002F9FBD /* NGPostsHeaderView.swift */ = {isa = PBXFileReference; fileEncoding = 4; lastKnownFileType = sourcecode.swift; name = NGPostsHeaderView.swift; path = VC/Forum/Posts/NGPostsHeaderView.swift; sourceTree = "<group>"; };
		540B40081DCFC3EB002F9FBD /* ViewFromNib.swift */ = {isa = PBXFileReference; fileEncoding = 4; lastKnownFileType = sourcecode.swift; name = ViewFromNib.swift; path = VC/ViewFromNib.swift; sourceTree = "<group>"; };
		540B400A1DCFC4ED002F9FBD /* NGPostsViewController.swift */ = {isa = PBXFileReference; fileEncoding = 4; lastKnownFileType = sourcecode.swift; name = NGPostsViewController.swift; path = VC/Forum/Posts/NGPostsViewController.swift; sourceTree = "<group>"; };
		540B400C1DCFC9A3002F9FBD /* NGPostsViewModel.swift */ = {isa = PBXFileReference; fileEncoding = 4; lastKnownFileType = sourcecode.swift; name = NGPostsViewModel.swift; path = VC/Forum/Posts/NGPostsViewModel.swift; sourceTree = "<group>"; };
		540D3AB41DC08AF900E4433E /* NGMyProfileViewModel.swift */ = {isa = PBXFileReference; fileEncoding = 4; lastKnownFileType = sourcecode.swift; name = NGMyProfileViewModel.swift; path = VC/Me/NGMyProfileViewModel.swift; sourceTree = "<group>"; };
		540D3AB61DC08BCD00E4433E /* NGMyProfileViewController.swift */ = {isa = PBXFileReference; fileEncoding = 4; lastKnownFileType = sourcecode.swift; name = NGMyProfileViewController.swift; path = VC/Me/NGMyProfileViewController.swift; sourceTree = "<group>"; };
		540EC03F1DBAB21900F7E9D8 /* UserTableViewCell.swift */ = {isa = PBXFileReference; fileEncoding = 4; lastKnownFileType = sourcecode.swift; name = UserTableViewCell.swift; path = VC/Users/UserTableViewCell.swift; sourceTree = "<group>"; };
		540EC0401DBAB21900F7E9D8 /* UserTableViewCell.xib */ = {isa = PBXFileReference; fileEncoding = 4; lastKnownFileType = file.xib; name = UserTableViewCell.xib; path = VC/Users/UserTableViewCell.xib; sourceTree = "<group>"; };
		541139F71DC12AAC00082498 /* RxSwiftCustom.swift */ = {isa = PBXFileReference; fileEncoding = 4; lastKnownFileType = sourcecode.swift; name = RxSwiftCustom.swift; path = "RxSwift+Extra/RxSwiftCustom.swift"; sourceTree = "<group>"; };
		54124FDD1DD3B35100A62722 /* NGViewController.swift */ = {isa = PBXFileReference; fileEncoding = 4; lastKnownFileType = sourcecode.swift; name = NGViewController.swift; path = VC/NGViewController.swift; sourceTree = "<group>"; };
		54124FDF1DD3B6B200A62722 /* NGAuthenticatedViewController.swift */ = {isa = PBXFileReference; fileEncoding = 4; lastKnownFileType = sourcecode.swift; name = NGAuthenticatedViewController.swift; path = VC/NGAuthenticatedViewController.swift; sourceTree = "<group>"; };
		5412AE951DD3994F00177AA0 /* NGViewModelType.swift */ = {isa = PBXFileReference; fileEncoding = 4; lastKnownFileType = sourcecode.swift; name = NGViewModelType.swift; path = Models/NGViewModelType.swift; sourceTree = "<group>"; };
		541374191DCD175D0016E5EA /* NGForumViewController.swift */ = {isa = PBXFileReference; fileEncoding = 4; lastKnownFileType = sourcecode.swift; name = NGForumViewController.swift; path = VC/Forum/NGForumViewController.swift; sourceTree = "<group>"; };
		5413741B1DCD1B1D0016E5EA /* NGTabBarController.swift */ = {isa = PBXFileReference; fileEncoding = 4; lastKnownFileType = sourcecode.swift; name = NGTabBarController.swift; path = VC/NGTabBarController.swift; sourceTree = "<group>"; };
		541433831DB9F5D400E66799 /* NGMeSignoutViewModel.swift */ = {isa = PBXFileReference; fileEncoding = 4; lastKnownFileType = sourcecode.swift; name = NGMeSignoutViewModel.swift; path = VC/Users/NGMeSignoutViewModel.swift; sourceTree = "<group>"; };
		5414F08A1D9712D100D30EDF /* Nerdgasm.app */ = {isa = PBXFileReference; explicitFileType = wrapper.application; includeInIndex = 0; path = Nerdgasm.app; sourceTree = BUILT_PRODUCTS_DIR; };
		5414F08D1D9712D100D30EDF /* AppDelegate.swift */ = {isa = PBXFileReference; lastKnownFileType = sourcecode.swift; path = AppDelegate.swift; sourceTree = "<group>"; };
		5414F0921D9712D100D30EDF /* Base */ = {isa = PBXFileReference; lastKnownFileType = file.storyboard; name = Base; path = Base.lproj/Main.storyboard; sourceTree = "<group>"; };
		5414F0941D9712D100D30EDF /* Assets.xcassets */ = {isa = PBXFileReference; lastKnownFileType = folder.assetcatalog; path = Assets.xcassets; sourceTree = "<group>"; };
		5414F0991D9712D100D30EDF /* Info.plist */ = {isa = PBXFileReference; lastKnownFileType = text.plist.xml; path = Info.plist; sourceTree = "<group>"; };
		5414F09E1D9712D100D30EDF /* NerdgasmTests.xctest */ = {isa = PBXFileReference; explicitFileType = wrapper.cfbundle; includeInIndex = 0; path = NerdgasmTests.xctest; sourceTree = BUILT_PRODUCTS_DIR; };
		5414F0A21D9712D100D30EDF /* NerdgasmTests.swift */ = {isa = PBXFileReference; lastKnownFileType = sourcecode.swift; path = NerdgasmTests.swift; sourceTree = "<group>"; };
		5414F0A41D9712D100D30EDF /* Info.plist */ = {isa = PBXFileReference; lastKnownFileType = text.plist.xml; path = Info.plist; sourceTree = "<group>"; };
		5414F0B21D97178200D30EDF /* NGLoginViewController.swift */ = {isa = PBXFileReference; fileEncoding = 4; lastKnownFileType = sourcecode.swift; name = NGLoginViewController.swift; path = VC/Login/NGLoginViewController.swift; sourceTree = "<group>"; };
		5414F0B91D97190A00D30EDF /* Base */ = {isa = PBXFileReference; lastKnownFileType = file.storyboard; name = Base; path = Base.lproj/Login.storyboard; sourceTree = "<group>"; };
		5414F7451DB5EC31004E96F8 /* NGUsersViewController.swift */ = {isa = PBXFileReference; fileEncoding = 4; lastKnownFileType = sourcecode.swift; name = NGUsersViewController.swift; path = VC/Users/NGUsersViewController.swift; sourceTree = "<group>"; };
		5445959C1DB4AC6A002BD140 /* NGLoginViewModel.swift */ = {isa = PBXFileReference; fileEncoding = 4; lastKnownFileType = sourcecode.swift; name = NGLoginViewModel.swift; path = VC/Login/NGLoginViewModel.swift; sourceTree = "<group>"; };
		5445959E1DB4AD6B002BD140 /* NGLoginValidationService.swift */ = {isa = PBXFileReference; fileEncoding = 4; lastKnownFileType = sourcecode.swift; name = NGLoginValidationService.swift; path = VC/Login/NGLoginValidationService.swift; sourceTree = "<group>"; };
		5461880D1DCF3C0900F03B8D /* NGCreateThreadViewController.swift */ = {isa = PBXFileReference; fileEncoding = 4; lastKnownFileType = sourcecode.swift; name = NGCreateThreadViewController.swift; path = VC/Forum/NGCreateThreadViewController.swift; sourceTree = "<group>"; };
		546188101DCF42A400F03B8D /* Base */ = {isa = PBXFileReference; lastKnownFileType = file.storyboard; name = Base; path = Base.lproj/Forum.storyboard; sourceTree = "<group>"; };
		546188131DCF434A00F03B8D /* Base */ = {isa = PBXFileReference; lastKnownFileType = file.storyboard; name = Base; path = Base.lproj/Me.storyboard; sourceTree = "<group>"; };
		546188151DCF4FB600F03B8D /* NGCreateThreadViewModel.swift */ = {isa = PBXFileReference; fileEncoding = 4; lastKnownFileType = sourcecode.swift; name = NGCreateThreadViewModel.swift; path = VC/Forum/NGCreateThreadViewModel.swift; sourceTree = "<group>"; };
		546188171DCF501300F03B8D /* NGPost.swift */ = {isa = PBXFileReference; fileEncoding = 4; lastKnownFileType = sourcecode.swift; name = NGPost.swift; path = Models/NGPost.swift; sourceTree = "<group>"; };
		546188191DCF52F400F03B8D /* NGCreateThreadValidationService.swift */ = {isa = PBXFileReference; fileEncoding = 4; lastKnownFileType = sourcecode.swift; name = NGCreateThreadValidationService.swift; path = VC/Forum/NGCreateThreadValidationService.swift; sourceTree = "<group>"; };
		5461881B1DCF5D6600F03B8D /* NGValidation.swift */ = {isa = PBXFileReference; fileEncoding = 4; lastKnownFileType = sourcecode.swift; name = NGValidation.swift; path = Managers/NGValidation.swift; sourceTree = "<group>"; };
		54684AD21D9FBCBD00EBE138 /* NGSignupViewController.swift */ = {isa = PBXFileReference; fileEncoding = 4; lastKnownFileType = sourcecode.swift; name = NGSignupViewController.swift; path = VC/Login/NGSignupViewController.swift; sourceTree = "<group>"; };
		54684AD61D9FD53200EBE138 /* NGSignupValidationService.swift */ = {isa = PBXFileReference; fileEncoding = 4; lastKnownFileType = sourcecode.swift; name = NGSignupValidationService.swift; path = VC/Login/NGSignupValidationService.swift; sourceTree = "<group>"; };
		54684AD81D9FE58200EBE138 /* NGSignupViewModel.swift */ = {isa = PBXFileReference; fileEncoding = 4; lastKnownFileType = sourcecode.swift; name = NGSignupViewModel.swift; path = VC/Login/NGSignupViewModel.swift; sourceTree = "<group>"; };
		547533941DD0A32300235361 /* NGPostTableViewCell.swift */ = {isa = PBXFileReference; fileEncoding = 4; lastKnownFileType = sourcecode.swift; name = NGPostTableViewCell.swift; path = VC/Forum/Posts/NGPostTableViewCell.swift; sourceTree = "<group>"; };
		547533951DD0A32300235361 /* NGPostTableViewCell.xib */ = {isa = PBXFileReference; fileEncoding = 4; lastKnownFileType = file.xib; name = NGPostTableViewCell.xib; path = VC/Forum/Posts/NGPostTableViewCell.xib; sourceTree = "<group>"; };
		547533981DD0AB0B00235361 /* NGCreatePostViewController.swift */ = {isa = PBXFileReference; fileEncoding = 4; lastKnownFileType = sourcecode.swift; name = NGCreatePostViewController.swift; path = VC/Forum/Posts/NGCreatePostViewController.swift; sourceTree = "<group>"; };
		547B51211DB9610600F1BB1D /* NGUserViewModel.swift */ = {isa = PBXFileReference; fileEncoding = 4; lastKnownFileType = sourcecode.swift; name = NGUserViewModel.swift; path = VC/Users/NGUserViewModel.swift; sourceTree = "<group>"; };
		547B51231DB962D500F1BB1D /* NGUserCredentials.swift */ = {isa = PBXFileReference; fileEncoding = 4; lastKnownFileType = sourcecode.swift; name = NGUserCredentials.swift; path = Models/NGUserCredentials.swift; sourceTree = "<group>"; };
		54AA50DB1DA4DCBD00539076 /* ActivityIndicator.swift */ = {isa = PBXFileReference; fileEncoding = 4; lastKnownFileType = sourcecode.swift; path = ActivityIndicator.swift; sourceTree = "<group>"; };
		54B7FB891DC3EC31002B854A /* NGService.swift */ = {isa = PBXFileReference; fileEncoding = 4; lastKnownFileType = sourcecode.swift; name = NGService.swift; path = Managers/NGService.swift; sourceTree = "<group>"; };
		54B7FB8C1DC3ECBD002B854A /* NGNetworking .swift */ = {isa = PBXFileReference; fileEncoding = 4; lastKnownFileType = sourcecode.swift; name = "NGNetworking .swift"; path = "Managers/NGNetworking .swift"; sourceTree = "<group>"; };
		54C7FB071DBD244E00BD7430 /* R.generated.swift */ = {isa = PBXFileReference; fileEncoding = 4; lastKnownFileType = sourcecode.swift; path = R.generated.swift; sourceTree = SOURCE_ROOT; };
		54CC1B3D1DB4081D008568F5 /* NGUser.swift */ = {isa = PBXFileReference; fileEncoding = 4; lastKnownFileType = sourcecode.swift; name = NGUser.swift; path = Models/NGUser.swift; sourceTree = "<group>"; };
		54F0E0411DBDE63300F0B2F7 /* NGMeViewController.swift */ = {isa = PBXFileReference; fileEncoding = 4; lastKnownFileType = sourcecode.swift; name = NGMeViewController.swift; path = VC/Me/NGMeViewController.swift; sourceTree = "<group>"; };
		54F0E0431DBDE78B00F0B2F7 /* NGMeTableViewCell.swift */ = {isa = PBXFileReference; fileEncoding = 4; lastKnownFileType = sourcecode.swift; name = NGMeTableViewCell.swift; path = VC/Me/NGMeTableViewCell.swift; sourceTree = "<group>"; };
		54F0E0441DBDE78B00F0B2F7 /* NGMeTableViewCell.xib */ = {isa = PBXFileReference; fileEncoding = 4; lastKnownFileType = file.xib; name = NGMeTableViewCell.xib; path = VC/Me/NGMeTableViewCell.xib; sourceTree = "<group>"; };
		8D1C8F4D28DEC4B34ABDE24D /* Pods_Nerdgasm.framework */ = {isa = PBXFileReference; explicitFileType = wrapper.framework; includeInIndex = 0; path = Pods_Nerdgasm.framework; sourceTree = BUILT_PRODUCTS_DIR; };
		DF5822295E9ED0C681965EDC /* Pods-Nerdgasm.debug.xcconfig */ = {isa = PBXFileReference; includeInIndex = 1; lastKnownFileType = text.xcconfig; name = "Pods-Nerdgasm.debug.xcconfig"; path = "Pods/Target Support Files/Pods-Nerdgasm/Pods-Nerdgasm.debug.xcconfig"; sourceTree = "<group>"; };
		EB145A71D77CED0AAA39E92C /* Pods-Nerdgasm.release.xcconfig */ = {isa = PBXFileReference; includeInIndex = 1; lastKnownFileType = text.xcconfig; name = "Pods-Nerdgasm.release.xcconfig"; path = "Pods/Target Support Files/Pods-Nerdgasm/Pods-Nerdgasm.release.xcconfig"; sourceTree = "<group>"; };
/* End PBXFileReference section */

/* Begin PBXFrameworksBuildPhase section */
		5414F0871D9712D100D30EDF /* Frameworks */ = {
			isa = PBXFrameworksBuildPhase;
			buildActionMask = 2147483647;
			files = (
				CF15ABB4CFFF1AD3967DF92E /* Pods_Nerdgasm.framework in Frameworks */,
			);
			runOnlyForDeploymentPostprocessing = 0;
		};
		5414F09B1D9712D100D30EDF /* Frameworks */ = {
			isa = PBXFrameworksBuildPhase;
			buildActionMask = 2147483647;
			files = (
			);
			runOnlyForDeploymentPostprocessing = 0;
		};
/* End PBXFrameworksBuildPhase section */

/* Begin PBXGroup section */
		540B3FFE1DCFA8D0002F9FBD /* Create Thread */ = {
			isa = PBXGroup;
			children = (
				5461880D1DCF3C0900F03B8D /* NGCreateThreadViewController.swift */,
				546188151DCF4FB600F03B8D /* NGCreateThreadViewModel.swift */,
				546188191DCF52F400F03B8D /* NGCreateThreadValidationService.swift */,
			);
			name = "Create Thread";
			sourceTree = "<group>";
		};
		540B3FFF1DCFB85C002F9FBD /* Posts */ = {
			isa = PBXGroup;
			children = (
				540B40041DCFC188002F9FBD /* NGPostsHeaderView.xib */,
				540B40061DCFC321002F9FBD /* NGPostsHeaderView.swift */,
				540B400A1DCFC4ED002F9FBD /* NGPostsViewController.swift */,
				540B400C1DCFC9A3002F9FBD /* NGPostsViewModel.swift */,
				547533941DD0A32300235361 /* NGPostTableViewCell.swift */,
				547533951DD0A32300235361 /* NGPostTableViewCell.xib */,
				547533981DD0AB0B00235361 /* NGCreatePostViewController.swift */,
				5405B3841DD0BA2E00C770FB /* NGCreatePostViewModel.swift */,
			);
			name = Posts;
			sourceTree = "<group>";
		};
		541374181DCD16F60016E5EA /* Forum */ = {
			isa = PBXGroup;
			children = (
				540B3FFF1DCFB85C002F9FBD /* Posts */,
				540B3FFE1DCFA8D0002F9FBD /* Create Thread */,
				541374191DCD175D0016E5EA /* NGForumViewController.swift */,
				540A69B81DCE6F39009B9673 /* NGThreadTableViewCell.swift */,
				540A69B91DCE6F39009B9673 /* NGThreadTableViewCell.xib */,
				540A69C01DCE7344009B9673 /* NGThreadsViewModel.swift */,
			);
			name = Forum;
			sourceTree = "<group>";
		};
		5414F0811D9712D100D30EDF = {
			isa = PBXGroup;
			children = (
				5414F08C1D9712D100D30EDF /* Nerdgasm */,
				5414F0A11D9712D100D30EDF /* NerdgasmTests */,
				5414F08B1D9712D100D30EDF /* Products */,
				E28E0DD5C27D9C57354249E9 /* Pods */,
				79E687DC7442D71F9696835C /* Frameworks */,
			);
			sourceTree = "<group>";
		};
		5414F08B1D9712D100D30EDF /* Products */ = {
			isa = PBXGroup;
			children = (
				5414F08A1D9712D100D30EDF /* Nerdgasm.app */,
				5414F09E1D9712D100D30EDF /* NerdgasmTests.xctest */,
			);
			name = Products;
			sourceTree = "<group>";
		};
		5414F08C1D9712D100D30EDF /* Nerdgasm */ = {
			isa = PBXGroup;
			children = (
				54C7FB071DBD244E00BD7430 /* R.generated.swift */,
				54CC1B3C1DB407FE008568F5 /* Models */,
				545EC45F1D983DDE005B4BFF /* Services */,
				54AA50DA1DA4DC9500539076 /* RxSwift+Extra */,
				5414F0B61D9718A500D30EDF /* Storyboards */,
				5414F0AD1D97146300D30EDF /* VC */,
				5414F08D1D9712D100D30EDF /* AppDelegate.swift */,
				5414F0941D9712D100D30EDF /* Assets.xcassets */,
				5414F0991D9712D100D30EDF /* Info.plist */,
			);
			path = Nerdgasm;
			sourceTree = "<group>";
		};
		5414F0A11D9712D100D30EDF /* NerdgasmTests */ = {
			isa = PBXGroup;
			children = (
				5414F0A21D9712D100D30EDF /* NerdgasmTests.swift */,
				5414F0A41D9712D100D30EDF /* Info.plist */,
			);
			path = NerdgasmTests;
			sourceTree = "<group>";
		};
		5414F0AD1D97146300D30EDF /* VC */ = {
			isa = PBXGroup;
			children = (
				541374181DCD16F60016E5EA /* Forum */,
				54F0E0401DBDE5EF00F0B2F7 /* Me */,
				5414F7441DB5EAFC004E96F8 /* Users */,
				5414F0B11D97176C00D30EDF /* Login */,
				5413741B1DCD1B1D0016E5EA /* NGTabBarController.swift */,
				540B40081DCFC3EB002F9FBD /* ViewFromNib.swift */,
				54124FDD1DD3B35100A62722 /* NGViewController.swift */,
				54124FDF1DD3B6B200A62722 /* NGAuthenticatedViewController.swift */,
			);
			name = VC;
			sourceTree = "<group>";
		};
		5414F0B11D97176C00D30EDF /* Login */ = {
			isa = PBXGroup;
			children = (
				54684AD21D9FBCBD00EBE138 /* NGSignupViewController.swift */,
				54684AD61D9FD53200EBE138 /* NGSignupValidationService.swift */,
				54684AD81D9FE58200EBE138 /* NGSignupViewModel.swift */,
				5414F0B21D97178200D30EDF /* NGLoginViewController.swift */,
				5445959C1DB4AC6A002BD140 /* NGLoginViewModel.swift */,
				5445959E1DB4AD6B002BD140 /* NGLoginValidationService.swift */,
			);
			name = Login;
			sourceTree = "<group>";
		};
		5414F0B61D9718A500D30EDF /* Storyboards */ = {
			isa = PBXGroup;
			children = (
				5414F0B81D97190A00D30EDF /* Login.storyboard */,
				5414F0911D9712D100D30EDF /* Main.storyboard */,
				546188121DCF434A00F03B8D /* Me.storyboard */,
				5461880F1DCF42A400F03B8D /* Forum.storyboard */,
			);
			name = Storyboards;
			sourceTree = "<group>";
		};
		5414F7441DB5EAFC004E96F8 /* Users */ = {
			isa = PBXGroup;
			children = (
				5414F7451DB5EC31004E96F8 /* NGUsersViewController.swift */,
				547B51211DB9610600F1BB1D /* NGUserViewModel.swift */,
				540EC03F1DBAB21900F7E9D8 /* UserTableViewCell.swift */,
				540EC0401DBAB21900F7E9D8 /* UserTableViewCell.xib */,
			);
			name = Users;
			sourceTree = "<group>";
		};
		545EC45F1D983DDE005B4BFF /* Services */ = {
			isa = PBXGroup;
			children = (
				54DF06FC1D984B89007541EB /* Networking */,
				540A69BE1DCE7067009B9673 /* GlobalFunctions.swift */,
				5461881B1DCF5D6600F03B8D /* NGValidation.swift */,
			);
			name = Services;
			sourceTree = "<group>";
		};
		54AA50DA1DA4DC9500539076 /* RxSwift+Extra */ = {
			isa = PBXGroup;
			children = (
				54AA50DB1DA4DCBD00539076 /* ActivityIndicator.swift */,
				541139F71DC12AAC00082498 /* RxSwiftCustom.swift */,
			);
			name = "RxSwift+Extra";
			sourceTree = "<group>";
		};
		54CC1B3C1DB407FE008568F5 /* Models */ = {
			isa = PBXGroup;
			children = (
				54CC1B3D1DB4081D008568F5 /* NGUser.swift */,
				547B51231DB962D500F1BB1D /* NGUserCredentials.swift */,
				540A69BC1DCE6F80009B9673 /* NGThread.swift */,
				546188171DCF501300F03B8D /* NGPost.swift */,
				5412AE951DD3994F00177AA0 /* NGViewModelType.swift */,
			);
			name = Models;
			sourceTree = "<group>";
		};
		54DF06FC1D984B89007541EB /* Networking */ = {
			isa = PBXGroup;
			children = (
				54B7FB8C1DC3ECBD002B854A /* NGNetworking .swift */,
				54B7FB891DC3EC31002B854A /* NGService.swift */,
			);
			name = Networking;
			sourceTree = "<group>";
		};
		54F0E0401DBDE5EF00F0B2F7 /* Me */ = {
			isa = PBXGroup;
			children = (
				54F0E0411DBDE63300F0B2F7 /* NGMeViewController.swift */,
				54F0E0431DBDE78B00F0B2F7 /* NGMeTableViewCell.swift */,
				541433831DB9F5D400E66799 /* NGMeSignoutViewModel.swift */,
				540D3AB41DC08AF900E4433E /* NGMyProfileViewModel.swift */,
				54F0E0441DBDE78B00F0B2F7 /* NGMeTableViewCell.xib */,
				540D3AB61DC08BCD00E4433E /* NGMyProfileViewController.swift */,
			);
			name = Me;
			sourceTree = "<group>";
		};
		79E687DC7442D71F9696835C /* Frameworks */ = {
			isa = PBXGroup;
			children = (
				8D1C8F4D28DEC4B34ABDE24D /* Pods_Nerdgasm.framework */,
			);
			name = Frameworks;
			sourceTree = "<group>";
		};
		E28E0DD5C27D9C57354249E9 /* Pods */ = {
			isa = PBXGroup;
			children = (
				DF5822295E9ED0C681965EDC /* Pods-Nerdgasm.debug.xcconfig */,
				EB145A71D77CED0AAA39E92C /* Pods-Nerdgasm.release.xcconfig */,
			);
			name = Pods;
			sourceTree = "<group>";
		};
/* End PBXGroup section */

/* Begin PBXNativeTarget section */
		5414F0891D9712D100D30EDF /* Nerdgasm */ = {
			isa = PBXNativeTarget;
			buildConfigurationList = 5414F0A71D9712D100D30EDF /* Build configuration list for PBXNativeTarget "Nerdgasm" */;
			buildPhases = (
				D229AA25E8938BFB71B690BA /* [CP] Check Pods Manifest.lock */,
				54C7FB061DBD239B00BD7430 /* ShellScript */,
				5414F0861D9712D100D30EDF /* Sources */,
				5414F0871D9712D100D30EDF /* Frameworks */,
				5414F0881D9712D100D30EDF /* Resources */,
				D3375F4E29ABF0C337D2CCFC /* [CP] Embed Pods Frameworks */,
				D08ED3955DBB8937E53F73D1 /* [CP] Copy Pods Resources */,
			);
			buildRules = (
			);
			dependencies = (
			);
			name = Nerdgasm;
			productName = Nerdgasm;
			productReference = 5414F08A1D9712D100D30EDF /* Nerdgasm.app */;
			productType = "com.apple.product-type.application";
		};
		5414F09D1D9712D100D30EDF /* NerdgasmTests */ = {
			isa = PBXNativeTarget;
			buildConfigurationList = 5414F0AA1D9712D100D30EDF /* Build configuration list for PBXNativeTarget "NerdgasmTests" */;
			buildPhases = (
				5414F09A1D9712D100D30EDF /* Sources */,
				5414F09B1D9712D100D30EDF /* Frameworks */,
				5414F09C1D9712D100D30EDF /* Resources */,
			);
			buildRules = (
			);
			dependencies = (
				5414F0A01D9712D100D30EDF /* PBXTargetDependency */,
			);
			name = NerdgasmTests;
			productName = NerdgasmTests;
			productReference = 5414F09E1D9712D100D30EDF /* NerdgasmTests.xctest */;
			productType = "com.apple.product-type.bundle.unit-test";
		};
/* End PBXNativeTarget section */

/* Begin PBXProject section */
		5414F0821D9712D100D30EDF /* Project object */ = {
			isa = PBXProject;
			attributes = {
				LastSwiftUpdateCheck = 0730;
				LastUpgradeCheck = 0800;
				ORGANIZATIONNAME = Hrach;
				TargetAttributes = {
					5414F0891D9712D100D30EDF = {
						CreatedOnToolsVersion = 7.3.1;
						DevelopmentTeam = 9BN49NND5Z;
						LastSwiftMigration = 0800;
					};
					5414F09D1D9712D100D30EDF = {
						CreatedOnToolsVersion = 7.3.1;
						LastSwiftMigration = 0800;
						TestTargetID = 5414F0891D9712D100D30EDF;
					};
				};
			};
			buildConfigurationList = 5414F0851D9712D100D30EDF /* Build configuration list for PBXProject "Nerdgasm" */;
			compatibilityVersion = "Xcode 3.2";
			developmentRegion = English;
			hasScannedForEncodings = 0;
			knownRegions = (
				en,
				Base,
			);
			mainGroup = 5414F0811D9712D100D30EDF;
			productRefGroup = 5414F08B1D9712D100D30EDF /* Products */;
			projectDirPath = "";
			projectRoot = "";
			targets = (
				5414F0891D9712D100D30EDF /* Nerdgasm */,
				5414F09D1D9712D100D30EDF /* NerdgasmTests */,
			);
		};
/* End PBXProject section */

/* Begin PBXResourcesBuildPhase section */
		5414F0881D9712D100D30EDF /* Resources */ = {
			isa = PBXResourcesBuildPhase;
			buildActionMask = 2147483647;
			files = (
				54F0E0461DBDE78B00F0B2F7 /* NGMeTableViewCell.xib in Resources */,
				5414F0BA1D97190A00D30EDF /* Login.storyboard in Resources */,
				546188111DCF42A400F03B8D /* Forum.storyboard in Resources */,
				540B40051DCFC188002F9FBD /* NGPostsHeaderView.xib in Resources */,
				547533971DD0A32300235361 /* NGPostTableViewCell.xib in Resources */,
				5414F0951D9712D100D30EDF /* Assets.xcassets in Resources */,
				546188141DCF434A00F03B8D /* Me.storyboard in Resources */,
				540EC0421DBAB21900F7E9D8 /* UserTableViewCell.xib in Resources */,
				540A69BB1DCE6F39009B9673 /* NGThreadTableViewCell.xib in Resources */,
				5414F0931D9712D100D30EDF /* Main.storyboard in Resources */,
			);
			runOnlyForDeploymentPostprocessing = 0;
		};
		5414F09C1D9712D100D30EDF /* Resources */ = {
			isa = PBXResourcesBuildPhase;
			buildActionMask = 2147483647;
			files = (
			);
			runOnlyForDeploymentPostprocessing = 0;
		};
/* End PBXResourcesBuildPhase section */

/* Begin PBXShellScriptBuildPhase section */
		54C7FB061DBD239B00BD7430 /* ShellScript */ = {
			isa = PBXShellScriptBuildPhase;
			buildActionMask = 2147483647;
			files = (
			);
			inputPaths = (
			);
			outputPaths = (
			);
			runOnlyForDeploymentPostprocessing = 0;
			shellPath = /bin/sh;
			shellScript = "\"$PODS_ROOT/R.swift/rswift\" \"$SRCROOT\"";
		};
		D08ED3955DBB8937E53F73D1 /* [CP] Copy Pods Resources */ = {
			isa = PBXShellScriptBuildPhase;
			buildActionMask = 2147483647;
			files = (
			);
			inputPaths = (
			);
			name = "[CP] Copy Pods Resources";
			outputPaths = (
			);
			runOnlyForDeploymentPostprocessing = 0;
			shellPath = /bin/sh;
			shellScript = "\"${SRCROOT}/Pods/Target Support Files/Pods-Nerdgasm/Pods-Nerdgasm-resources.sh\"\n";
			showEnvVarsInLog = 0;
		};
		D229AA25E8938BFB71B690BA /* [CP] Check Pods Manifest.lock */ = {
			isa = PBXShellScriptBuildPhase;
			buildActionMask = 2147483647;
			files = (
			);
			inputPaths = (
			);
			name = "[CP] Check Pods Manifest.lock";
			outputPaths = (
			);
			runOnlyForDeploymentPostprocessing = 0;
			shellPath = /bin/sh;
			shellScript = "diff \"${PODS_ROOT}/../Podfile.lock\" \"${PODS_ROOT}/Manifest.lock\" > /dev/null\nif [ $? != 0 ] ; then\n    # print error to STDERR\n    echo \"error: The sandbox is not in sync with the Podfile.lock. Run 'pod install' or update your CocoaPods installation.\" >&2\n    exit 1\nfi\n";
			showEnvVarsInLog = 0;
		};
		D3375F4E29ABF0C337D2CCFC /* [CP] Embed Pods Frameworks */ = {
			isa = PBXShellScriptBuildPhase;
			buildActionMask = 2147483647;
			files = (
			);
			inputPaths = (
			);
			name = "[CP] Embed Pods Frameworks";
			outputPaths = (
			);
			runOnlyForDeploymentPostprocessing = 0;
			shellPath = /bin/sh;
			shellScript = "\"${SRCROOT}/Pods/Target Support Files/Pods-Nerdgasm/Pods-Nerdgasm-frameworks.sh\"\n";
			showEnvVarsInLog = 0;
		};
/* End PBXShellScriptBuildPhase section */

/* Begin PBXSourcesBuildPhase section */
		5414F0861D9712D100D30EDF /* Sources */ = {
			isa = PBXSourcesBuildPhase;
			buildActionMask = 2147483647;
			files = (
				54CC1B3E1DB4081D008568F5 /* NGUser.swift in Sources */,
				54124FE01DD3B6B200A62722 /* NGAuthenticatedViewController.swift in Sources */,
				5461881A1DCF52F400F03B8D /* NGCreateThreadValidationService.swift in Sources */,
				54B7FB8D1DC3ECBD002B854A /* NGNetworking .swift in Sources */,
				540A69BD1DCE6F80009B9673 /* NGThread.swift in Sources */,
				5461880E1DCF3C0900F03B8D /* NGCreateThreadViewController.swift in Sources */,
				54C7FB081DBD244E00BD7430 /* R.generated.swift in Sources */,
				547533961DD0A32300235361 /* NGPostTableViewCell.swift in Sources */,
				5445959F1DB4AD6B002BD140 /* NGLoginValidationService.swift in Sources */,
				541139F81DC12AAD00082498 /* RxSwiftCustom.swift in Sources */,
				541433841DB9F5D400E66799 /* NGMeSignoutViewModel.swift in Sources */,
				540B40071DCFC321002F9FBD /* NGPostsHeaderView.swift in Sources */,
				540D3AB51DC08AF900E4433E /* NGMyProfileViewModel.swift in Sources */,
				540EC0411DBAB21900F7E9D8 /* UserTableViewCell.swift in Sources */,
				54684AD71D9FD53200EBE138 /* NGSignupValidationService.swift in Sources */,
				547B51221DB9610600F1BB1D /* NGUserViewModel.swift in Sources */,
				547533991DD0AB0B00235361 /* NGCreatePostViewController.swift in Sources */,
				540D3AB71DC08BCD00E4433E /* NGMyProfileViewController.swift in Sources */,
				540A69BA1DCE6F39009B9673 /* NGThreadTableViewCell.swift in Sources */,
				54684AD31D9FBCBD00EBE138 /* NGSignupViewController.swift in Sources */,
				5414F08E1D9712D100D30EDF /* AppDelegate.swift in Sources */,
				540A69BF1DCE7067009B9673 /* GlobalFunctions.swift in Sources */,
				5413741A1DCD175D0016E5EA /* NGForumViewController.swift in Sources */,
				547B51241DB962D500F1BB1D /* NGUserCredentials.swift in Sources */,
				54B7FB8B1DC3EC31002B854A /* NGService.swift in Sources */,
				540B400B1DCFC4ED002F9FBD /* NGPostsViewController.swift in Sources */,
				54124FDE1DD3B35100A62722 /* NGViewController.swift in Sources */,
				5414F0B31D97178200D30EDF /* NGLoginViewController.swift in Sources */,
				54F0E0421DBDE63300F0B2F7 /* NGMeViewController.swift in Sources */,
				54AA50DC1DA4DCBD00539076 /* ActivityIndicator.swift in Sources */,
				54684AD91D9FE58200EBE138 /* NGSignupViewModel.swift in Sources */,
				540B40091DCFC3EB002F9FBD /* ViewFromNib.swift in Sources */,
				5461881C1DCF5D6600F03B8D /* NGValidation.swift in Sources */,
				546188181DCF501300F03B8D /* NGPost.swift in Sources */,
				5414F7461DB5EC31004E96F8 /* NGUsersViewController.swift in Sources */,
				546188161DCF4FB600F03B8D /* NGCreateThreadViewModel.swift in Sources */,
				540B400D1DCFC9A3002F9FBD /* NGPostsViewModel.swift in Sources */,
				54F0E0451DBDE78B00F0B2F7 /* NGMeTableViewCell.swift in Sources */,
				5405B3851DD0BA2E00C770FB /* NGCreatePostViewModel.swift in Sources */,
				5413741C1DCD1B1D0016E5EA /* NGTabBarController.swift in Sources */,
				5445959D1DB4AC6A002BD140 /* NGLoginViewModel.swift in Sources */,
				540A69C11DCE7344009B9673 /* NGThreadsViewModel.swift in Sources */,
				5412AE961DD3994F00177AA0 /* NGViewModelType.swift in Sources */,
			);
			runOnlyForDeploymentPostprocessing = 0;
		};
		5414F09A1D9712D100D30EDF /* Sources */ = {
			isa = PBXSourcesBuildPhase;
			buildActionMask = 2147483647;
			files = (
				5414F0A31D9712D100D30EDF /* NerdgasmTests.swift in Sources */,
			);
			runOnlyForDeploymentPostprocessing = 0;
		};
/* End PBXSourcesBuildPhase section */

/* Begin PBXTargetDependency section */
		5414F0A01D9712D100D30EDF /* PBXTargetDependency */ = {
			isa = PBXTargetDependency;
			target = 5414F0891D9712D100D30EDF /* Nerdgasm */;
			targetProxy = 5414F09F1D9712D100D30EDF /* PBXContainerItemProxy */;
		};
/* End PBXTargetDependency section */

/* Begin PBXVariantGroup section */
		5414F0911D9712D100D30EDF /* Main.storyboard */ = {
			isa = PBXVariantGroup;
			children = (
				5414F0921D9712D100D30EDF /* Base */,
			);
			name = Main.storyboard;
			sourceTree = "<group>";
		};
		5414F0B81D97190A00D30EDF /* Login.storyboard */ = {
			isa = PBXVariantGroup;
			children = (
				5414F0B91D97190A00D30EDF /* Base */,
			);
			name = Login.storyboard;
			sourceTree = "<group>";
		};
		5461880F1DCF42A400F03B8D /* Forum.storyboard */ = {
			isa = PBXVariantGroup;
			children = (
				546188101DCF42A400F03B8D /* Base */,
			);
			name = Forum.storyboard;
			sourceTree = "<group>";
		};
		546188121DCF434A00F03B8D /* Me.storyboard */ = {
			isa = PBXVariantGroup;
			children = (
				546188131DCF434A00F03B8D /* Base */,
			);
			name = Me.storyboard;
			sourceTree = "<group>";
		};
/* End PBXVariantGroup section */

/* Begin XCBuildConfiguration section */
		5414F0A51D9712D100D30EDF /* Debug */ = {
			isa = XCBuildConfiguration;
			buildSettings = {
				ALWAYS_SEARCH_USER_PATHS = NO;
				CLANG_ANALYZER_NONNULL = YES;
				CLANG_CXX_LANGUAGE_STANDARD = "gnu++0x";
				CLANG_CXX_LIBRARY = "libc++";
				CLANG_ENABLE_MODULES = YES;
				CLANG_ENABLE_OBJC_ARC = YES;
				CLANG_WARN_BOOL_CONVERSION = YES;
				CLANG_WARN_CONSTANT_CONVERSION = YES;
				CLANG_WARN_DIRECT_OBJC_ISA_USAGE = YES_ERROR;
				CLANG_WARN_EMPTY_BODY = YES;
				CLANG_WARN_ENUM_CONVERSION = YES;
				CLANG_WARN_INFINITE_RECURSION = YES;
				CLANG_WARN_INT_CONVERSION = YES;
				CLANG_WARN_OBJC_ROOT_CLASS = YES_ERROR;
				CLANG_WARN_SUSPICIOUS_MOVE = YES;
				CLANG_WARN_UNREACHABLE_CODE = YES;
				CLANG_WARN__DUPLICATE_METHOD_MATCH = YES;
				"CODE_SIGN_IDENTITY[sdk=iphoneos*]" = "iPhone Developer";
				COPY_PHASE_STRIP = NO;
				DEBUG_INFORMATION_FORMAT = dwarf;
				ENABLE_STRICT_OBJC_MSGSEND = YES;
				ENABLE_TESTABILITY = YES;
				GCC_C_LANGUAGE_STANDARD = gnu99;
				GCC_DYNAMIC_NO_PIC = NO;
				GCC_NO_COMMON_BLOCKS = YES;
				GCC_OPTIMIZATION_LEVEL = 0;
				GCC_PREPROCESSOR_DEFINITIONS = (
					"DEBUG=1",
					"$(inherited)",
				);
				GCC_WARN_64_TO_32_BIT_CONVERSION = YES;
				GCC_WARN_ABOUT_RETURN_TYPE = YES_ERROR;
				GCC_WARN_UNDECLARED_SELECTOR = YES;
				GCC_WARN_UNINITIALIZED_AUTOS = YES_AGGRESSIVE;
				GCC_WARN_UNUSED_FUNCTION = YES;
				GCC_WARN_UNUSED_VARIABLE = YES;
				IPHONEOS_DEPLOYMENT_TARGET = 10.0;
				MTL_ENABLE_DEBUG_INFO = YES;
				ONLY_ACTIVE_ARCH = YES;
				SDKROOT = iphoneos;
				SWIFT_OPTIMIZATION_LEVEL = "-Onone";
			};
			name = Debug;
		};
		5414F0A61D9712D100D30EDF /* Release */ = {
			isa = XCBuildConfiguration;
			buildSettings = {
				ALWAYS_SEARCH_USER_PATHS = NO;
				CLANG_ANALYZER_NONNULL = YES;
				CLANG_CXX_LANGUAGE_STANDARD = "gnu++0x";
				CLANG_CXX_LIBRARY = "libc++";
				CLANG_ENABLE_MODULES = YES;
				CLANG_ENABLE_OBJC_ARC = YES;
				CLANG_WARN_BOOL_CONVERSION = YES;
				CLANG_WARN_CONSTANT_CONVERSION = YES;
				CLANG_WARN_DIRECT_OBJC_ISA_USAGE = YES_ERROR;
				CLANG_WARN_EMPTY_BODY = YES;
				CLANG_WARN_ENUM_CONVERSION = YES;
				CLANG_WARN_INFINITE_RECURSION = YES;
				CLANG_WARN_INT_CONVERSION = YES;
				CLANG_WARN_OBJC_ROOT_CLASS = YES_ERROR;
				CLANG_WARN_SUSPICIOUS_MOVE = YES;
				CLANG_WARN_UNREACHABLE_CODE = YES;
				CLANG_WARN__DUPLICATE_METHOD_MATCH = YES;
				"CODE_SIGN_IDENTITY[sdk=iphoneos*]" = "iPhone Developer";
				COPY_PHASE_STRIP = NO;
				DEBUG_INFORMATION_FORMAT = "dwarf-with-dsym";
				ENABLE_NS_ASSERTIONS = NO;
				ENABLE_STRICT_OBJC_MSGSEND = YES;
				GCC_C_LANGUAGE_STANDARD = gnu99;
				GCC_NO_COMMON_BLOCKS = YES;
				GCC_WARN_64_TO_32_BIT_CONVERSION = YES;
				GCC_WARN_ABOUT_RETURN_TYPE = YES_ERROR;
				GCC_WARN_UNDECLARED_SELECTOR = YES;
				GCC_WARN_UNINITIALIZED_AUTOS = YES_AGGRESSIVE;
				GCC_WARN_UNUSED_FUNCTION = YES;
				GCC_WARN_UNUSED_VARIABLE = YES;
				IPHONEOS_DEPLOYMENT_TARGET = 10.0;
				MTL_ENABLE_DEBUG_INFO = NO;
				SDKROOT = iphoneos;
				SWIFT_OPTIMIZATION_LEVEL = "-Owholemodule";
				VALIDATE_PRODUCT = YES;
			};
			name = Release;
		};
		5414F0A81D9712D100D30EDF /* Debug */ = {
			isa = XCBuildConfiguration;
			baseConfigurationReference = DF5822295E9ED0C681965EDC /* Pods-Nerdgasm.debug.xcconfig */;
			buildSettings = {
				ALWAYS_EMBED_SWIFT_STANDARD_LIBRARIES = YES;
				ASSETCATALOG_COMPILER_APPICON_NAME = AppIcon;
				CODE_SIGN_IDENTITY = "iPhone Developer";
				INFOPLIST_FILE = Nerdgasm/Info.plist;
				IPHONEOS_DEPLOYMENT_TARGET = 9.3;
				LD_RUNPATH_SEARCH_PATHS = "$(inherited) @executable_path/Frameworks";
				PRODUCT_BUNDLE_IDENTIFIER = com.nerdgasm.Nerdgasm;
				PRODUCT_NAME = "$(TARGET_NAME)";
				SWIFT_VERSION = 3.0;
			};
			name = Debug;
		};
		5414F0A91D9712D100D30EDF /* Release */ = {
			isa = XCBuildConfiguration;
			baseConfigurationReference = EB145A71D77CED0AAA39E92C /* Pods-Nerdgasm.release.xcconfig */;
			buildSettings = {
				ALWAYS_EMBED_SWIFT_STANDARD_LIBRARIES = YES;
				ASSETCATALOG_COMPILER_APPICON_NAME = AppIcon;
				CODE_SIGN_IDENTITY = "iPhone Developer";
				INFOPLIST_FILE = Nerdgasm/Info.plist;
				IPHONEOS_DEPLOYMENT_TARGET = 9.3;
				LD_RUNPATH_SEARCH_PATHS = "$(inherited) @executable_path/Frameworks";
				PRODUCT_BUNDLE_IDENTIFIER = com.nerdgasm.Nerdgasm;
				PRODUCT_NAME = "$(TARGET_NAME)";
				SWIFT_VERSION = 3.0;
			};
			name = Release;
		};
		5414F0AB1D9712D100D30EDF /* Debug */ = {
			isa = XCBuildConfiguration;
			buildSettings = {
				BUNDLE_LOADER = "$(TEST_HOST)";
				INFOPLIST_FILE = NerdgasmTests/Info.plist;
				LD_RUNPATH_SEARCH_PATHS = "$(inherited) @executable_path/Frameworks @loader_path/Frameworks";
				PRODUCT_BUNDLE_IDENTIFIER = nerdgasm.NerdgasmTests;
				PRODUCT_NAME = "$(TARGET_NAME)";
				SWIFT_VERSION = 3.0;
				TEST_HOST = "$(BUILT_PRODUCTS_DIR)/Nerdgasm.app/Nerdgasm";
			};
			name = Debug;
		};
		5414F0AC1D9712D100D30EDF /* Release */ = {
			isa = XCBuildConfiguration;
			buildSettings = {
				BUNDLE_LOADER = "$(TEST_HOST)";
				INFOPLIST_FILE = NerdgasmTests/Info.plist;
				LD_RUNPATH_SEARCH_PATHS = "$(inherited) @executable_path/Frameworks @loader_path/Frameworks";
				PRODUCT_BUNDLE_IDENTIFIER = nerdgasm.NerdgasmTests;
				PRODUCT_NAME = "$(TARGET_NAME)";
				SWIFT_VERSION = 3.0;
				TEST_HOST = "$(BUILT_PRODUCTS_DIR)/Nerdgasm.app/Nerdgasm";
			};
			name = Release;
		};
/* End XCBuildConfiguration section */

/* Begin XCConfigurationList section */
		5414F0851D9712D100D30EDF /* Build configuration list for PBXProject "Nerdgasm" */ = {
			isa = XCConfigurationList;
			buildConfigurations = (
				5414F0A51D9712D100D30EDF /* Debug */,
				5414F0A61D9712D100D30EDF /* Release */,
			);
			defaultConfigurationIsVisible = 0;
			defaultConfigurationName = Release;
		};
		5414F0A71D9712D100D30EDF /* Build configuration list for PBXNativeTarget "Nerdgasm" */ = {
			isa = XCConfigurationList;
			buildConfigurations = (
				5414F0A81D9712D100D30EDF /* Debug */,
				5414F0A91D9712D100D30EDF /* Release */,
			);
			defaultConfigurationIsVisible = 0;
			defaultConfigurationName = Release;
		};
		5414F0AA1D9712D100D30EDF /* Build configuration list for PBXNativeTarget "NerdgasmTests" */ = {
			isa = XCConfigurationList;
			buildConfigurations = (
				5414F0AB1D9712D100D30EDF /* Debug */,
				5414F0AC1D9712D100D30EDF /* Release */,
			);
			defaultConfigurationIsVisible = 0;
			defaultConfigurationName = Release;
		};
/* End XCConfigurationList section */
	};
	rootObject = 5414F0821D9712D100D30EDF /* Project object */;
}
